
Microsoft Visual Studio Solution File, Format Version 12.00
# Visual Studio Version 16
VisualStudioVersion = 16.0.30204.135
MinimumVisualStudioVersion = 10.0.40219.1
Project("{8BC9CEB8-8B4A-11D0-8D11-00A0C91BC942}") = "ShootingGame20180116", "ShootingGame20180116\ShootingGame20180116.vcxproj", "{51A30AB5-321E-4C0A-870C-87623728DE73}"
EndProject
Global
	GlobalSection(SolutionConfigurationPlatforms) = preSolution
		Debug|x64 = Debug|x64
		Debug|x86 = Debug|x86
		Release|x64 = Release|x64
		Release|x86 = Release|x86
	EndGlobalSection
	GlobalSection(ProjectConfigurationPlatforms) = postSolution
		{51A30AB5-321E-4C0A-870C-87623728DE73}.Debug|x64.ActiveCfg = Debug|x64
		{51A30AB5-321E-4C0A-870C-87623728DE73}.Debug|x64.Build.0 = Debug|x64
		{51A30AB5-321E-4C0A-870C-87623728DE73}.Debug|x86.ActiveCfg = Debug|Win32
		{51A30AB5-321E-4C0A-870C-87623728DE73}.Debug|x86.Build.0 = Debug|Win32
		{51A30AB5-321E-4C0A-870C-87623728DE73}.Release|x64.ActiveCfg = Release|x64
		{51A30AB5-321E-4C0A-870C-87623728DE73}.Release|x64.Build.0 = Release|x64
		{51A30AB5-321E-4C0A-870C-87623728DE73}.Release|x86.ActiveCfg = Release|Win32
		{51A30AB5-321E-4C0A-870C-87623728DE73}.Release|x86.Build.0 = Release|Win32
	EndGlobalSection
	GlobalSection(SolutionProperties) = preSolution
		HideSolutionNode = FALSE
	EndGlobalSection
	GlobalSection(ExtensibilityGlobals) = postSolution
		SolutionGuid = {56CA66FB-BD00-4A71-9D58-54A5BC8C81B7}
	EndGlobalSection
EndGlobal
